
Microsoft Visual Studio Solution File, Format Version 10.00
# Visual Studio 2008
Project("{8BC9CEB8-8B4A-11D0-8D11-00A0C91BC942}") = "main", "main.vcproj", "{FCE8A436-B0AE-4EB2-B9CE-E5A84DBB1121}"
EndProject
Global
	GlobalSection(SolutionConfigurationPlatforms) = preSolution
		Debug|Win32 = Debug|Win32
		Release|Win32 = Release|Win32
	EndGlobalSection
	GlobalSection(ProjectConfigurationPlatforms) = postSolution
		{FCE8A436-B0AE-4EB2-B9CE-E5A84DBB1121}.Debug|Win32.ActiveCfg = Debug|Win32
		{FCE8A436-B0AE-4EB2-B9CE-E5A84DBB1121}.Debug|Win32.Build.0 = Debug|Win32
		{FCE8A436-B0AE-4EB2-B9CE-E5A84DBB1121}.Release|Win32.ActiveCfg = Release|Win32
		{FCE8A436-B0AE-4EB2-B9CE-E5A84DBB1121}.Release|Win32.Build.0 = Release|Win32
	EndGlobalSection
	GlobalSection(SolutionProperties) = preSolution
		HideSolutionNode = FALSE
	EndGlobalSection
EndGlobal
